// !$*UTF8*$!
{
	archiveVersion = 1;
	classes = {
	};
	objectVersion = 56;
	objects = {

/* Begin PBXBuildFile section */
		A1650F872A20B44A007C244A /* AppDelegate.swift in Sources */ = {isa = PBXBuildFile; fileRef = A1650F862A20B44A007C244A /* AppDelegate.swift */; };
		A1650F892A20B44A007C244A /* SceneDelegate.swift in Sources */ = {isa = PBXBuildFile; fileRef = A1650F882A20B44A007C244A /* SceneDelegate.swift */; };
		A1650F8E2A20B44A007C244A /* Main.storyboard in Resources */ = {isa = PBXBuildFile; fileRef = A1650F8C2A20B44A007C244A /* Main.storyboard */; };
		A1650F902A20B450007C244A /* Assets.xcassets in Resources */ = {isa = PBXBuildFile; fileRef = A1650F8F2A20B450007C244A /* Assets.xcassets */; };
		A1650F932A20B450007C244A /* LaunchScreen.storyboard in Resources */ = {isa = PBXBuildFile; fileRef = A1650F912A20B450007C244A /* LaunchScreen.storyboard */; };
		A1650F9C2A20B687007C244A /* WeatherListTableViewController.swift in Sources */ = {isa = PBXBuildFile; fileRef = A1650F9B2A20B687007C244A /* WeatherListTableViewController.swift */; };
		A1650F9E2A20B6AF007C244A /* AddCityViewController.swift in Sources */ = {isa = PBXBuildFile; fileRef = A1650F9D2A20B6AF007C244A /* AddCityViewController.swift */; };
		A1650FA12A20BABC007C244A /* WeatherCell.swift in Sources */ = {isa = PBXBuildFile; fileRef = A1650FA02A20BABB007C244A /* WeatherCell.swift */; };
/* End PBXBuildFile section */

/* Begin PBXFileReference section */
		A1650F832A20B44A007C244A /* Weather Show (MVVM).app */ = {isa = PBXFileReference; explicitFileType = wrapper.application; includeInIndex = 0; path = "Weather Show (MVVM).app"; sourceTree = BUILT_PRODUCTS_DIR; };
		A1650F862A20B44A007C244A /* AppDelegate.swift */ = {isa = PBXFileReference; lastKnownFileType = sourcecode.swift; path = AppDelegate.swift; sourceTree = "<group>"; };
		A1650F882A20B44A007C244A /* SceneDelegate.swift */ = {isa = PBXFileReference; lastKnownFileType = sourcecode.swift; path = SceneDelegate.swift; sourceTree = "<group>"; };
		A1650F8D2A20B44A007C244A /* Base */ = {isa = PBXFileReference; lastKnownFileType = file.storyboard; name = Base; path = Base.lproj/Main.storyboard; sourceTree = "<group>"; };
		A1650F8F2A20B450007C244A /* Assets.xcassets */ = {isa = PBXFileReference; lastKnownFileType = folder.assetcatalog; path = Assets.xcassets; sourceTree = "<group>"; };
		A1650F922A20B450007C244A /* Base */ = {isa = PBXFileReference; lastKnownFileType = file.storyboard; name = Base; path = Base.lproj/LaunchScreen.storyboard; sourceTree = "<group>"; };
		A1650F942A20B450007C244A /* Info.plist */ = {isa = PBXFileReference; lastKnownFileType = text.plist.xml; path = Info.plist; sourceTree = "<group>"; };
		A1650F9B2A20B687007C244A /* WeatherListTableViewController.swift */ = {isa = PBXFileReference; lastKnownFileType = sourcecode.swift; path = WeatherListTableViewController.swift; sourceTree = "<group>"; };
		A1650F9D2A20B6AF007C244A /* AddCityViewController.swift */ = {isa = PBXFileReference; lastKnownFileType = sourcecode.swift; path = AddCityViewController.swift; sourceTree = "<group>"; };
		A1650FA02A20BABB007C244A /* WeatherCell.swift */ = {isa = PBXFileReference; lastKnownFileType = sourcecode.swift; path = WeatherCell.swift; sourceTree = "<group>"; };
/* End PBXFileReference section */

/* Begin PBXFrameworksBuildPhase section */
		A1650F802A20B44A007C244A /* Frameworks */ = {
			isa = PBXFrameworksBuildPhase;
			buildActionMask = 2147483647;
			files = (
			);
			runOnlyForDeploymentPostprocessing = 0;
		};
/* End PBXFrameworksBuildPhase section */

/* Begin PBXGroup section */
		A1650F7A2A20B44A007C244A = {
			isa = PBXGroup;
			children = (
				A1650F852A20B44A007C244A /* Weather Show (MVVM) */,
				A1650F842A20B44A007C244A /* Products */,
			);
			sourceTree = "<group>";
		};
		A1650F842A20B44A007C244A /* Products */ = {
			isa = PBXGroup;
			children = (
				A1650F832A20B44A007C244A /* Weather Show (MVVM).app */,
			);
			name = Products;
			sourceTree = "<group>";
		};
		A1650F852A20B44A007C244A /* Weather Show (MVVM) */ = {
			isa = PBXGroup;
			children = (
				A1650F9F2A20BA94007C244A /* Custom Cells */,
				A1650F9A2A20B667007C244A /* Controllers */,
				A1650F862A20B44A007C244A /* AppDelegate.swift */,
				A1650F882A20B44A007C244A /* SceneDelegate.swift */,
				A1650F8C2A20B44A007C244A /* Main.storyboard */,
				A1650F8F2A20B450007C244A /* Assets.xcassets */,
				A1650F912A20B450007C244A /* LaunchScreen.storyboard */,
				A1650F942A20B450007C244A /* Info.plist */,
			);
			path = "Weather Show (MVVM)";
			sourceTree = "<group>";
		};
		A1650F9A2A20B667007C244A /* Controllers */ = {
			isa = PBXGroup;
			children = (
				A1650F9B2A20B687007C244A /* WeatherListTableViewController.swift */,
				A1650F9D2A20B6AF007C244A /* AddCityViewController.swift */,
			);
			path = Controllers;
			sourceTree = "<group>";
		};
		A1650F9F2A20BA94007C244A /* Custom Cells */ = {
			isa = PBXGroup;
			children = (
				A1650FA02A20BABB007C244A /* WeatherCell.swift */,
			);
			path = "Custom Cells";
			sourceTree = "<group>";
		};
/* End PBXGroup section */

/* Begin PBXNativeTarget section */
		A1650F822A20B44A007C244A /* Weather Show (MVVM) */ = {
			isa = PBXNativeTarget;
			buildConfigurationList = A1650F972A20B450007C244A /* Build configuration list for PBXNativeTarget "Weather Show (MVVM)" */;
			buildPhases = (
				A1650F7F2A20B44A007C244A /* Sources */,
				A1650F802A20B44A007C244A /* Frameworks */,
				A1650F812A20B44A007C244A /* Resources */,
			);
			buildRules = (
			);
			dependencies = (
			);
			name = "Weather Show (MVVM)";
			productName = "Weather Show (MVVM)";
			productReference = A1650F832A20B44A007C244A /* Weather Show (MVVM).app */;
			productType = "com.apple.product-type.application";
		};
/* End PBXNativeTarget section */

/* Begin PBXProject section */
		A1650F7B2A20B44A007C244A /* Project object */ = {
			isa = PBXProject;
			attributes = {
				BuildIndependentTargetsInParallel = 1;
				LastSwiftUpdateCheck = 1420;
				LastUpgradeCheck = 1420;
				TargetAttributes = {
					A1650F822A20B44A007C244A = {
						CreatedOnToolsVersion = 14.2;
					};
				};
			};
			buildConfigurationList = A1650F7E2A20B44A007C244A /* Build configuration list for PBXProject "Weather Show (MVVM)" */;
			compatibilityVersion = "Xcode 14.0";
			developmentRegion = en;
			hasScannedForEncodings = 0;
			knownRegions = (
				en,
				Base,
			);
			mainGroup = A1650F7A2A20B44A007C244A;
			productRefGroup = A1650F842A20B44A007C244A /* Products */;
			projectDirPath = "";
			projectRoot = "";
			targets = (
				A1650F822A20B44A007C244A /* Weather Show (MVVM) */,
			);
		};
/* End PBXProject section */

/* Begin PBXResourcesBuildPhase section */
		A1650F812A20B44A007C244A /* Resources */ = {
			isa = PBXResourcesBuildPhase;
			buildActionMask = 2147483647;
			files = (
				A1650F932A20B450007C244A /* LaunchScreen.storyboard in Resources */,
				A1650F902A20B450007C244A /* Assets.xcassets in Resources */,
				A1650F8E2A20B44A007C244A /* Main.storyboard in Resources */,
			);
			runOnlyForDeploymentPostprocessing = 0;
		};
/* End PBXResourcesBuildPhase section */

/* Begin PBXSourcesBuildPhase section */
		A1650F7F2A20B44A007C244A /* Sources */ = {
			isa = PBXSourcesBuildPhase;
			buildActionMask = 2147483647;
			files = (
				A1650F9C2A20B687007C244A /* WeatherListTableViewController.swift in Sources */,
				A1650F872A20B44A007C244A /* AppDelegate.swift in Sources */,
				A1650FA12A20BABC007C244A /* WeatherCell.swift in Sources */,
				A1650F892A20B44A007C244A /* SceneDelegate.swift in Sources */,
				A1650F9E2A20B6AF007C244A /* AddCityViewController.swift in Sources */,
			);
			runOnlyForDeploymentPostprocessing = 0;
		};
/* End PBXSourcesBuildPhase section */

/* Begin PBXVariantGroup section */
		A1650F8C2A20B44A007C244A /* Main.storyboard */ = {
			isa = PBXVariantGroup;
			children = (
				A1650F8D2A20B44A007C244A /* Base */,
			);
			name = Main.storyboard;
			sourceTree = "<group>";
		};
		A1650F912A20B450007C244A /* LaunchScreen.storyboard */ = {
			isa = PBXVariantGroup;
			children = (
				A1650F922A20B450007C244A /* Base */,
			);
			name = LaunchScreen.storyboard;
			sourceTree = "<group>";
		};
/* End PBXVariantGroup section */

/* Begin XCBuildConfiguration section */
		A1650F952A20B450007C244A /* Debug */ = {
			isa = XCBuildConfiguration;
			buildSettings = {
				ALWAYS_SEARCH_USER_PATHS = NO;
				CLANG_ANALYZER_NONNULL = YES;
				CLANG_ANALYZER_NUMBER_OBJECT_CONVERSION = YES_AGGRESSIVE;
				CLANG_CXX_LANGUAGE_STANDARD = "gnu++20";
				CLANG_ENABLE_MODULES = YES;
				CLANG_ENABLE_OBJC_ARC = YES;
				CLANG_ENABLE_OBJC_WEAK = YES;
				CLANG_WARN_BLOCK_CAPTURE_AUTORELEASING = YES;
				CLANG_WARN_BOOL_CONVERSION = YES;
				CLANG_WARN_COMMA = YES;
				CLANG_WARN_CONSTANT_CONVERSION = YES;
				CLANG_WARN_DEPRECATED_OBJC_IMPLEMENTATIONS = YES;
				CLANG_WARN_DIRECT_OBJC_ISA_USAGE = YES_ERROR;
				CLANG_WARN_DOCUMENTATION_COMMENTS = YES;
				CLANG_WARN_EMPTY_BODY = YES;
				CLANG_WARN_ENUM_CONVERSION = YES;
				CLANG_WARN_INFINITE_RECURSION = YES;
				CLANG_WARN_INT_CONVERSION = YES;
				CLANG_WARN_NON_LITERAL_NULL_CONVERSION = YES;
				CLANG_WARN_OBJC_IMPLICIT_RETAIN_SELF = YES;
				CLANG_WARN_OBJC_LITERAL_CONVERSION = YES;
				CLANG_WARN_OBJC_ROOT_CLASS = YES_ERROR;
				CLANG_WARN_QUOTED_INCLUDE_IN_FRAMEWORK_HEADER = YES;
				CLANG_WARN_RANGE_LOOP_ANALYSIS = YES;
				CLANG_WARN_STRICT_PROTOTYPES = YES;
				CLANG_WARN_SUSPICIOUS_MOVE = YES;
				CLANG_WARN_UNGUARDED_AVAILABILITY = YES_AGGRESSIVE;
				CLANG_WARN_UNREACHABLE_CODE = YES;
				CLANG_WARN__DUPLICATE_METHOD_MATCH = YES;
				COPY_PHASE_STRIP = NO;
				DEBUG_INFORMATION_FORMAT = dwarf;
				ENABLE_STRICT_OBJC_MSGSEND = YES;
				ENABLE_TESTABILITY = YES;
				GCC_C_LANGUAGE_STANDARD = gnu11;
				GCC_DYNAMIC_NO_PIC = NO;
				GCC_NO_COMMON_BLOCKS = YES;
				GCC_OPTIMIZATION_LEVEL = 0;
				GCC_PREPROCESSOR_DEFINITIONS = (
					"DEBUG=1",
					"$(inherited)",
				);
				GCC_WARN_64_TO_32_BIT_CONVERSION = YES;
				GCC_WARN_ABOUT_RETURN_TYPE = YES_ERROR;
				GCC_WARN_UNDECLARED_SELECTOR = YES;
				GCC_WARN_UNINITIALIZED_AUTOS = YES_AGGRESSIVE;
				GCC_WARN_UNUSED_FUNCTION = YES;
				GCC_WARN_UNUSED_VARIABLE = YES;
				IPHONEOS_DEPLOYMENT_TARGET = 16.2;
				MTL_ENABLE_DEBUG_INFO = INCLUDE_SOURCE;
				MTL_FAST_MATH = YES;
				ONLY_ACTIVE_ARCH = YES;
				SDKROOT = iphoneos;
				SWIFT_ACTIVE_COMPILATION_CONDITIONS = DEBUG;
				SWIFT_OPTIMIZATION_LEVEL = "-Onone";
			};
			name = Debug;
		};
		A1650F962A20B450007C244A /* Release */ = {
			isa = XCBuildConfiguration;
			buildSettings = {
				ALWAYS_SEARCH_USER_PATHS = NO;
				CLANG_ANALYZER_NONNULL = YES;
				CLANG_ANALYZER_NUMBER_OBJECT_CONVERSION = YES_AGGRESSIVE;
				CLANG_CXX_LANGUAGE_STANDARD = "gnu++20";
				CLANG_ENABLE_MODULES = YES;
				CLANG_ENABLE_OBJC_ARC = YES;
				CLANG_ENABLE_OBJC_WEAK = YES;
				CLANG_WARN_BLOCK_CAPTURE_AUTORELEASING = YES;
				CLANG_WARN_BOOL_CONVERSION = YES;
				CLANG_WARN_COMMA = YES;
				CLANG_WARN_CONSTANT_CONVERSION = YES;
				CLANG_WARN_DEPRECATED_OBJC_IMPLEMENTATIONS = YES;
				CLANG_WARN_DIRECT_OBJC_ISA_USAGE = YES_ERROR;
				CLANG_WARN_DOCUMENTATION_COMMENTS = YES;
				CLANG_WARN_EMPTY_BODY = YES;
				CLANG_WARN_ENUM_CONVERSION = YES;
				CLANG_WARN_INFINITE_RECURSION = YES;
				CLANG_WARN_INT_CONVERSION = YES;
				CLANG_WARN_NON_LITERAL_NULL_CONVERSION = YES;
				CLANG_WARN_OBJC_IMPLICIT_RETAIN_SELF = YES;
				CLANG_WARN_OBJC_LITERAL_CONVERSION = YES;
				CLANG_WARN_OBJC_ROOT_CLASS = YES_ERROR;
				CLANG_WARN_QUOTED_INCLUDE_IN_FRAMEWORK_HEADER = YES;
				CLANG_WARN_RANGE_LOOP_ANALYSIS = YES;
				CLANG_WARN_STRICT_PROTOTYPES = YES;
				CLANG_WARN_SUSPICIOUS_MOVE = YES;
				CLANG_WARN_UNGUARDED_AVAILABILITY = YES_AGGRESSIVE;
				CLANG_WARN_UNREACHABLE_CODE = YES;
				CLANG_WARN__DUPLICATE_METHOD_MATCH = YES;
				COPY_PHASE_STRIP = NO;
				DEBUG_INFORMATION_FORMAT = "dwarf-with-dsym";
				ENABLE_NS_ASSERTIONS = NO;
				ENABLE_STRICT_OBJC_MSGSEND = YES;
				GCC_C_LANGUAGE_STANDARD = gnu11;
				GCC_NO_COMMON_BLOCKS = YES;
				GCC_WARN_64_TO_32_BIT_CONVERSION = YES;
				GCC_WARN_ABOUT_RETURN_TYPE = YES_ERROR;
				GCC_WARN_UNDECLARED_SELECTOR = YES;
				GCC_WARN_UNINITIALIZED_AUTOS = YES_AGGRESSIVE;
				GCC_WARN_UNUSED_FUNCTION = YES;
				GCC_WARN_UNUSED_VARIABLE = YES;
				IPHONEOS_DEPLOYMENT_TARGET = 16.2;
				MTL_ENABLE_DEBUG_INFO = NO;
				MTL_FAST_MATH = YES;
				SDKROOT = iphoneos;
				SWIFT_COMPILATION_MODE = wholemodule;
				SWIFT_OPTIMIZATION_LEVEL = "-O";
				VALIDATE_PRODUCT = YES;
			};
			name = Release;
		};
		A1650F982A20B450007C244A /* Debug */ = {
			isa = XCBuildConfiguration;
			buildSettings = {
				ASSETCATALOG_COMPILER_APPICON_NAME = AppIcon;
				ASSETCATALOG_COMPILER_GLOBAL_ACCENT_COLOR_NAME = AccentColor;
				CODE_SIGN_STYLE = Automatic;
				CURRENT_PROJECT_VERSION = 1;
				DEVELOPMENT_TEAM = KSQAVXV66T;
				GENERATE_INFOPLIST_FILE = YES;
				INFOPLIST_FILE = "Weather Show (MVVM)/Info.plist";
				INFOPLIST_KEY_UIApplicationSupportsIndirectInputEvents = YES;
				INFOPLIST_KEY_UILaunchStoryboardName = LaunchScreen;
				INFOPLIST_KEY_UIMainStoryboardFile = Main;
				INFOPLIST_KEY_UISupportedInterfaceOrientations_iPad = "UIInterfaceOrientationPortrait UIInterfaceOrientationPortraitUpsideDown UIInterfaceOrientationLandscapeLeft UIInterfaceOrientationLandscapeRight";
				INFOPLIST_KEY_UISupportedInterfaceOrientations_iPhone = "UIInterfaceOrientationPortrait UIInterfaceOrientationLandscapeLeft UIInterfaceOrientationLandscapeRight";
				LD_RUNPATH_SEARCH_PATHS = (
					"$(inherited)",
					"@executable_path/Frameworks",
				);
				MARKETING_VERSION = 1.0;
				PRODUCT_BUNDLE_IDENTIFIER = "youssefedeeb.Weather-Show--MVVM-";
				PRODUCT_NAME = "$(TARGET_NAME)";
				SWIFT_EMIT_LOC_STRINGS = YES;
				SWIFT_VERSION = 5.0;
				TARGETED_DEVICE_FAMILY = "1,2";
			};
			name = Debug;
		};
		A1650F992A20B450007C244A /* Release */ = {
			isa = XCBuildConfiguration;
			buildSettings = {
				ASSETCATALOG_COMPILER_APPICON_NAME = AppIcon;
				ASSETCATALOG_COMPILER_GLOBAL_ACCENT_COLOR_NAME = AccentColor;
				CODE_SIGN_STYLE = Automatic;
				CURRENT_PROJECT_VERSION = 1;
				DEVELOPMENT_TEAM = KSQAVXV66T;
				GENERATE_INFOPLIST_FILE = YES;
				INFOPLIST_FILE = "Weather Show (MVVM)/Info.plist";
				INFOPLIST_KEY_UIApplicationSupportsIndirectInputEvents = YES;
				INFOPLIST_KEY_UILaunchStoryboardName = LaunchScreen;
				INFOPLIST_KEY_UIMainStoryboardFile = Main;
				INFOPLIST_KEY_UISupportedInterfaceOrientations_iPad = "UIInterfaceOrientationPortrait UIInterfaceOrientationPortraitUpsideDown UIInterfaceOrientationLandscapeLeft UIInterfaceOrientationLandscapeRight";
				INFOPLIST_KEY_UISupportedInterfaceOrientations_iPhone = "UIInterfaceOrientationPortrait UIInterfaceOrientationLandscapeLeft UIInterfaceOrientationLandscapeRight";
				LD_RUNPATH_SEARCH_PATHS = (
					"$(inherited)",
					"@executable_path/Frameworks",
				);
				MARKETING_VERSION = 1.0;
				PRODUCT_BUNDLE_IDENTIFIER = "youssefedeeb.Weather-Show--MVVM-";
				PRODUCT_NAME = "$(TARGET_NAME)";
				SWIFT_EMIT_LOC_STRINGS = YES;
				SWIFT_VERSION = 5.0;
				TARGETED_DEVICE_FAMILY = "1,2";
			};
			name = Release;
		};
/* End XCBuildConfiguration section */

/* Begin XCConfigurationList section */
		A1650F7E2A20B44A007C244A /* Build configuration list for PBXProject "Weather Show (MVVM)" */ = {
			isa = XCConfigurationList;
			buildConfigurations = (
				A1650F952A20B450007C244A /* Debug */,
				A1650F962A20B450007C244A /* Release */,
			);
			defaultConfigurationIsVisible = 0;
			defaultConfigurationName = Release;
		};
		A1650F972A20B450007C244A /* Build configuration list for PBXNativeTarget "Weather Show (MVVM)" */ = {
			isa = XCConfigurationList;
			buildConfigurations = (
				A1650F982A20B450007C244A /* Debug */,
				A1650F992A20B450007C244A /* Release */,
			);
			defaultConfigurationIsVisible = 0;
			defaultConfigurationName = Release;
		};
/* End XCConfigurationList section */
	};
	rootObject = A1650F7B2A20B44A007C244A /* Project object */;
}
